
Microsoft Visual Studio Solution File, Format Version 12.00
# Visual Studio Version 17
VisualStudioVersion = 17.13.35931.197 d17.13
MinimumVisualStudioVersion = 10.0.40219.1
Project("{FAE04EC0-301F-11D3-BF4B-00C04F79EFBC}") = "OOPS_Practice", "OOPS_Practice.csproj", "{56F5FFD8-18D1-440F-8024-8AE0DBCC945F}"
EndProject
Project("{FAE04EC0-301F-11D3-BF4B-00C04F79EFBC}") = "Inheritance", "..\Inheritance\Inheritance.csproj", "{EA145B71-CF8E-4715-BAAD-B6BAC20A03D6}"
EndProject
Project("{FAE04EC0-301F-11D3-BF4B-00C04F79EFBC}") = "Interface", "..\Interface\Interface.csproj", "{9DADCE53-2BA5-4BEB-9FCD-9C9E198EAD9F}"
EndProject
Global
	GlobalSection(SolutionConfigurationPlatforms) = preSolution
		Debug|Any CPU = Debug|Any CPU
		Release|Any CPU = Release|Any CPU
	EndGlobalSection
	GlobalSection(ProjectConfigurationPlatforms) = postSolution
		{56F5FFD8-18D1-440F-8024-8AE0DBCC945F}.Debug|Any CPU.ActiveCfg = Debug|Any CPU
		{56F5FFD8-18D1-440F-8024-8AE0DBCC945F}.Debug|Any CPU.Build.0 = Debug|Any CPU
		{56F5FFD8-18D1-440F-8024-8AE0DBCC945F}.Release|Any CPU.ActiveCfg = Release|Any CPU
		{56F5FFD8-18D1-440F-8024-8AE0DBCC945F}.Release|Any CPU.Build.0 = Release|Any CPU
		{EA145B71-CF8E-4715-BAAD-B6BAC20A03D6}.Debug|Any CPU.ActiveCfg = Debug|Any CPU
		{EA145B71-CF8E-4715-BAAD-B6BAC20A03D6}.Debug|Any CPU.Build.0 = Debug|Any CPU
		{EA145B71-CF8E-4715-BAAD-B6BAC20A03D6}.Release|Any CPU.ActiveCfg = Release|Any CPU
		{EA145B71-CF8E-4715-BAAD-B6BAC20A03D6}.Release|Any CPU.Build.0 = Release|Any CPU
		{9DADCE53-2BA5-4BEB-9FCD-9C9E198EAD9F}.Debug|Any CPU.ActiveCfg = Debug|Any CPU
		{9DADCE53-2BA5-4BEB-9FCD-9C9E198EAD9F}.Debug|Any CPU.Build.0 = Debug|Any CPU
		{9DADCE53-2BA5-4BEB-9FCD-9C9E198EAD9F}.Release|Any CPU.ActiveCfg = Release|Any CPU
		{9DADCE53-2BA5-4BEB-9FCD-9C9E198EAD9F}.Release|Any CPU.Build.0 = Release|Any CPU
	EndGlobalSection
	GlobalSection(SolutionProperties) = preSolution
		HideSolutionNode = FALSE
	EndGlobalSection
	GlobalSection(ExtensibilityGlobals) = postSolution
		SolutionGuid = {FB7753D6-C518-46BD-9029-162A15365631}
	EndGlobalSection
EndGlobal
